
Microsoft Visual Studio Solution File, Format Version 12.00
# Visual Studio 2012
Project("{FAE04EC0-301F-11D3-BF4B-00C04F79EFBC}") = "CIS_SDK_CSharp", "CIS_SDK_CSharp\CIS_SDK_CSharp.csproj", "{92AA8105-BC60-48EA-A749-A0D7468E9868}"
EndProject
Global
	GlobalSection(SolutionConfigurationPlatforms) = preSolution
		Debug|Any CPU = Debug|Any CPU
		Release|Any CPU = Release|Any CPU
	EndGlobalSection
	GlobalSection(ProjectConfigurationPlatforms) = postSolution
		{92AA8105-BC60-48EA-A749-A0D7468E9868}.Debug|Any CPU.ActiveCfg = Debug|Any CPU
		{92AA8105-BC60-48EA-A749-A0D7468E9868}.Debug|Any CPU.Build.0 = Debug|Any CPU
		{92AA8105-BC60-48EA-A749-A0D7468E9868}.Release|Any CPU.ActiveCfg = Release|Any CPU
		{92AA8105-BC60-48EA-A749-A0D7468E9868}.Release|Any CPU.Build.0 = Release|Any CPU
	EndGlobalSection
	GlobalSection(SolutionProperties) = preSolution
		HideSolutionNode = FALSE
	EndGlobalSection
EndGlobal
